// !$*UTF8*$!
{
	archiveVersion = 1;
	classes = {
	};
	objectVersion = 46;
	objects = {

/* Begin PBXBuildFile section */
		2893DC091DD714EF003C23E0 /* AppDelegate.swift in Sources */ = {isa = PBXBuildFile; fileRef = 2893DC081DD714EF003C23E0 /* AppDelegate.swift */; };
		2893DC0B1DD714EF003C23E0 /* ViewController.swift in Sources */ = {isa = PBXBuildFile; fileRef = 2893DC0A1DD714EF003C23E0 /* ViewController.swift */; };
		2893DC0E1DD714EF003C23E0 /* Main.storyboard in Resources */ = {isa = PBXBuildFile; fileRef = 2893DC0C1DD714EF003C23E0 /* Main.storyboard */; };
		2893DC101DD714EF003C23E0 /* Assets.xcassets in Resources */ = {isa = PBXBuildFile; fileRef = 2893DC0F1DD714EF003C23E0 /* Assets.xcassets */; };
		2893DC131DD714EF003C23E0 /* LaunchScreen.storyboard in Resources */ = {isa = PBXBuildFile; fileRef = 2893DC111DD714EF003C23E0 /* LaunchScreen.storyboard */; };
		2893DC1E1DD714EF003C23E0 /* StyleTheWorldTests.swift in Sources */ = {isa = PBXBuildFile; fileRef = 2893DC1D1DD714EF003C23E0 /* StyleTheWorldTests.swift */; };
		2893DC291DD714EF003C23E0 /* StyleTheWorldUITests.swift in Sources */ = {isa = PBXBuildFile; fileRef = 2893DC281DD714EF003C23E0 /* StyleTheWorldUITests.swift */; };
/* End PBXBuildFile section */

/* Begin PBXContainerItemProxy section */
		2893DC1A1DD714EF003C23E0 /* PBXContainerItemProxy */ = {
			isa = PBXContainerItemProxy;
			containerPortal = 2893DBFD1DD714EE003C23E0 /* Project object */;
			proxyType = 1;
			remoteGlobalIDString = 2893DC041DD714EE003C23E0;
			remoteInfo = StyleTheWorld;
		};
		2893DC251DD714EF003C23E0 /* PBXContainerItemProxy */ = {
			isa = PBXContainerItemProxy;
			containerPortal = 2893DBFD1DD714EE003C23E0 /* Project object */;
			proxyType = 1;
			remoteGlobalIDString = 2893DC041DD714EE003C23E0;
			remoteInfo = StyleTheWorld;
		};
/* End PBXContainerItemProxy section */

/* Begin PBXFileReference section */
		2893DC051DD714EF003C23E0 /* StyleTheWorld.app */ = {isa = PBXFileReference; explicitFileType = wrapper.application; includeInIndex = 0; path = StyleTheWorld.app; sourceTree = BUILT_PRODUCTS_DIR; };
		2893DC081DD714EF003C23E0 /* AppDelegate.swift */ = {isa = PBXFileReference; lastKnownFileType = sourcecode.swift; path = AppDelegate.swift; sourceTree = "<group>"; };
		2893DC0A1DD714EF003C23E0 /* ViewController.swift */ = {isa = PBXFileReference; lastKnownFileType = sourcecode.swift; path = ViewController.swift; sourceTree = "<group>"; };
		2893DC0D1DD714EF003C23E0 /* Base */ = {isa = PBXFileReference; lastKnownFileType = file.storyboard; name = Base; path = Base.lproj/Main.storyboard; sourceTree = "<group>"; };
		2893DC0F1DD714EF003C23E0 /* Assets.xcassets */ = {isa = PBXFileReference; lastKnownFileType = folder.assetcatalog; path = Assets.xcassets; sourceTree = "<group>"; };
		2893DC121DD714EF003C23E0 /* Base */ = {isa = PBXFileReference; lastKnownFileType = file.storyboard; name = Base; path = Base.lproj/LaunchScreen.storyboard; sourceTree = "<group>"; };
		2893DC141DD714EF003C23E0 /* Info.plist */ = {isa = PBXFileReference; lastKnownFileType = text.plist.xml; path = Info.plist; sourceTree = "<group>"; };
		2893DC191DD714EF003C23E0 /* StyleTheWorldTests.xctest */ = {isa = PBXFileReference; explicitFileType = wrapper.cfbundle; includeInIndex = 0; path = StyleTheWorldTests.xctest; sourceTree = BUILT_PRODUCTS_DIR; };
		2893DC1D1DD714EF003C23E0 /* StyleTheWorldTests.swift */ = {isa = PBXFileReference; lastKnownFileType = sourcecode.swift; path = StyleTheWorldTests.swift; sourceTree = "<group>"; };
		2893DC1F1DD714EF003C23E0 /* Info.plist */ = {isa = PBXFileReference; lastKnownFileType = text.plist.xml; path = Info.plist; sourceTree = "<group>"; };
		2893DC241DD714EF003C23E0 /* StyleTheWorldUITests.xctest */ = {isa = PBXFileReference; explicitFileType = wrapper.cfbundle; includeInIndex = 0; path = StyleTheWorldUITests.xctest; sourceTree = BUILT_PRODUCTS_DIR; };
		2893DC281DD714EF003C23E0 /* StyleTheWorldUITests.swift */ = {isa = PBXFileReference; lastKnownFileType = sourcecode.swift; path = StyleTheWorldUITests.swift; sourceTree = "<group>"; };
		2893DC2A1DD714EF003C23E0 /* Info.plist */ = {isa = PBXFileReference; lastKnownFileType = text.plist.xml; path = Info.plist; sourceTree = "<group>"; };
/* End PBXFileReference section */

/* Begin PBXFrameworksBuildPhase section */
		2893DC021DD714EE003C23E0 /* Frameworks */ = {
			isa = PBXFrameworksBuildPhase;
			buildActionMask = 2147483647;
			files = (
			);
			runOnlyForDeploymentPostprocessing = 0;
		};
		2893DC161DD714EF003C23E0 /* Frameworks */ = {
			isa = PBXFrameworksBuildPhase;
			buildActionMask = 2147483647;
			files = (
			);
			runOnlyForDeploymentPostprocessing = 0;
		};
		2893DC211DD714EF003C23E0 /* Frameworks */ = {
			isa = PBXFrameworksBuildPhase;
			buildActionMask = 2147483647;
			files = (
			);
			runOnlyForDeploymentPostprocessing = 0;
		};
/* End PBXFrameworksBuildPhase section */

/* Begin PBXGroup section */
		2893DBFC1DD714EE003C23E0 = {
			isa = PBXGroup;
			children = (
				2893DC071DD714EF003C23E0 /* StyleTheWorld */,
				2893DC1C1DD714EF003C23E0 /* StyleTheWorldTests */,
				2893DC271DD714EF003C23E0 /* StyleTheWorldUITests */,
				2893DC061DD714EF003C23E0 /* Products */,
			);
			sourceTree = "<group>";
		};
		2893DC061DD714EF003C23E0 /* Products */ = {
			isa = PBXGroup;
			children = (
				2893DC051DD714EF003C23E0 /* StyleTheWorld.app */,
				2893DC191DD714EF003C23E0 /* StyleTheWorldTests.xctest */,
				2893DC241DD714EF003C23E0 /* StyleTheWorldUITests.xctest */,
			);
			name = Products;
			sourceTree = "<group>";
		};
		2893DC071DD714EF003C23E0 /* StyleTheWorld */ = {
			isa = PBXGroup;
			children = (
				2893DC081DD714EF003C23E0 /* AppDelegate.swift */,
				2893DC0A1DD714EF003C23E0 /* ViewController.swift */,
				2893DC0C1DD714EF003C23E0 /* Main.storyboard */,
				2893DC0F1DD714EF003C23E0 /* Assets.xcassets */,
				2893DC111DD714EF003C23E0 /* LaunchScreen.storyboard */,
				2893DC141DD714EF003C23E0 /* Info.plist */,
			);
			path = StyleTheWorld;
			sourceTree = "<group>";
		};
		2893DC1C1DD714EF003C23E0 /* StyleTheWorldTests */ = {
			isa = PBXGroup;
			children = (
				2893DC1D1DD714EF003C23E0 /* StyleTheWorldTests.swift */,
				2893DC1F1DD714EF003C23E0 /* Info.plist */,
			);
			path = StyleTheWorldTests;
			sourceTree = "<group>";
		};
		2893DC271DD714EF003C23E0 /* StyleTheWorldUITests */ = {
			isa = PBXGroup;
			children = (
				2893DC281DD714EF003C23E0 /* StyleTheWorldUITests.swift */,
				2893DC2A1DD714EF003C23E0 /* Info.plist */,
			);
			path = StyleTheWorldUITests;
			sourceTree = "<group>";
		};
/* End PBXGroup section */

/* Begin PBXNativeTarget section */
		2893DC041DD714EE003C23E0 /* StyleTheWorld */ = {
			isa = PBXNativeTarget;
			buildConfigurationList = 2893DC2D1DD714EF003C23E0 /* Build configuration list for PBXNativeTarget "StyleTheWorld" */;
			buildPhases = (
				2893DC011DD714EE003C23E0 /* Sources */,
				2893DC021DD714EE003C23E0 /* Frameworks */,
				2893DC031DD714EE003C23E0 /* Resources */,
			);
			buildRules = (
			);
			dependencies = (
			);
			name = StyleTheWorld;
			productName = StyleTheWorld;
			productReference = 2893DC051DD714EF003C23E0 /* StyleTheWorld.app */;
			productType = "com.apple.product-type.application";
		};
		2893DC181DD714EF003C23E0 /* StyleTheWorldTests */ = {
			isa = PBXNativeTarget;
			buildConfigurationList = 2893DC301DD714EF003C23E0 /* Build configuration list for PBXNativeTarget "StyleTheWorldTests" */;
			buildPhases = (
				2893DC151DD714EF003C23E0 /* Sources */,
				2893DC161DD714EF003C23E0 /* Frameworks */,
				2893DC171DD714EF003C23E0 /* Resources */,
			);
			buildRules = (
			);
			dependencies = (
				2893DC1B1DD714EF003C23E0 /* PBXTargetDependency */,
			);
			name = StyleTheWorldTests;
			productName = StyleTheWorldTests;
			productReference = 2893DC191DD714EF003C23E0 /* StyleTheWorldTests.xctest */;
			productType = "com.apple.product-type.bundle.unit-test";
		};
		2893DC231DD714EF003C23E0 /* StyleTheWorldUITests */ = {
			isa = PBXNativeTarget;
			buildConfigurationList = 2893DC331DD714EF003C23E0 /* Build configuration list for PBXNativeTarget "StyleTheWorldUITests" */;
			buildPhases = (
				2893DC201DD714EF003C23E0 /* Sources */,
				2893DC211DD714EF003C23E0 /* Frameworks */,
				2893DC221DD714EF003C23E0 /* Resources */,
			);
			buildRules = (
			);
			dependencies = (
				2893DC261DD714EF003C23E0 /* PBXTargetDependency */,
			);
			name = StyleTheWorldUITests;
			productName = StyleTheWorldUITests;
			productReference = 2893DC241DD714EF003C23E0 /* StyleTheWorldUITests.xctest */;
			productType = "com.apple.product-type.bundle.ui-testing";
		};
/* End PBXNativeTarget section */

/* Begin PBXProject section */
		2893DBFD1DD714EE003C23E0 /* Project object */ = {
			isa = PBXProject;
			attributes = {
				LastSwiftUpdateCheck = 0810;
				LastUpgradeCheck = 0810;
				ORGANIZATIONNAME = "Kevin J Reece";
				TargetAttributes = {
					2893DC041DD714EE003C23E0 = {
						CreatedOnToolsVersion = 8.1;
						DevelopmentTeam = 32E4GM2XM9;
						ProvisioningStyle = Automatic;
					};
					2893DC181DD714EF003C23E0 = {
						CreatedOnToolsVersion = 8.1;
						DevelopmentTeam = 32E4GM2XM9;
						ProvisioningStyle = Automatic;
						TestTargetID = 2893DC041DD714EE003C23E0;
					};
					2893DC231DD714EF003C23E0 = {
						CreatedOnToolsVersion = 8.1;
						DevelopmentTeam = 32E4GM2XM9;
						ProvisioningStyle = Automatic;
						TestTargetID = 2893DC041DD714EE003C23E0;
					};
				};
			};
			buildConfigurationList = 2893DC001DD714EE003C23E0 /* Build configuration list for PBXProject "StyleTheWorld" */;
			compatibilityVersion = "Xcode 3.2";
			developmentRegion = English;
			hasScannedForEncodings = 0;
			knownRegions = (
				en,
				Base,
			);
			mainGroup = 2893DBFC1DD714EE003C23E0;
			productRefGroup = 2893DC061DD714EF003C23E0 /* Products */;
			projectDirPath = "";
			projectRoot = "";
			targets = (
				2893DC041DD714EE003C23E0 /* StyleTheWorld */,
				2893DC181DD714EF003C23E0 /* StyleTheWorldTests */,
				2893DC231DD714EF003C23E0 /* StyleTheWorldUITests */,
			);
		};
/* End PBXProject section */

/* Begin PBXResourcesBuildPhase section */
		2893DC031DD714EE003C23E0 /* Resources */ = {
			isa = PBXResourcesBuildPhase;
			buildActionMask = 2147483647;
			files = (
				2893DC131DD714EF003C23E0 /* LaunchScreen.storyboard in Resources */,
				2893DC101DD714EF003C23E0 /* Assets.xcassets in Resources */,
				2893DC0E1DD714EF003C23E0 /* Main.storyboard in Resources */,
			);
			runOnlyForDeploymentPostprocessing = 0;
		};
		2893DC171DD714EF003C23E0 /* Resources */ = {
			isa = PBXResourcesBuildPhase;
			buildActionMask = 2147483647;
			files = (
			);
			runOnlyForDeploymentPostprocessing = 0;
		};
		2893DC221DD714EF003C23E0 /* Resources */ = {
			isa = PBXResourcesBuildPhase;
			buildActionMask = 2147483647;
			files = (
			);
			runOnlyForDeploymentPostprocessing = 0;
		};
/* End PBXResourcesBuildPhase section */

/* Begin PBXSourcesBuildPhase section */
		2893DC011DD714EE003C23E0 /* Sources */ = {
			isa = PBXSourcesBuildPhase;
			buildActionMask = 2147483647;
			files = (
				2893DC0B1DD714EF003C23E0 /* ViewController.swift in Sources */,
				2893DC091DD714EF003C23E0 /* AppDelegate.swift in Sources */,
			);
			runOnlyForDeploymentPostprocessing = 0;
		};
		2893DC151DD714EF003C23E0 /* Sources */ = {
			isa = PBXSourcesBuildPhase;
			buildActionMask = 2147483647;
			files = (
				2893DC1E1DD714EF003C23E0 /* StyleTheWorldTests.swift in Sources */,
			);
			runOnlyForDeploymentPostprocessing = 0;
		};
		2893DC201DD714EF003C23E0 /* Sources */ = {
			isa = PBXSourcesBuildPhase;
			buildActionMask = 2147483647;
			files = (
				2893DC291DD714EF003C23E0 /* StyleTheWorldUITests.swift in Sources */,
			);
			runOnlyForDeploymentPostprocessing = 0;
		};
/* End PBXSourcesBuildPhase section */

/* Begin PBXTargetDependency section */
		2893DC1B1DD714EF003C23E0 /* PBXTargetDependency */ = {
			isa = PBXTargetDependency;
			target = 2893DC041DD714EE003C23E0 /* StyleTheWorld */;
			targetProxy = 2893DC1A1DD714EF003C23E0 /* PBXContainerItemProxy */;
		};
		2893DC261DD714EF003C23E0 /* PBXTargetDependency */ = {
			isa = PBXTargetDependency;
			target = 2893DC041DD714EE003C23E0 /* StyleTheWorld */;
			targetProxy = 2893DC251DD714EF003C23E0 /* PBXContainerItemProxy */;
		};
/* End PBXTargetDependency section */

/* Begin PBXVariantGroup section */
		2893DC0C1DD714EF003C23E0 /* Main.storyboard */ = {
			isa = PBXVariantGroup;
			children = (
				2893DC0D1DD714EF003C23E0 /* Base */,
			);
			name = Main.storyboard;
			sourceTree = "<group>";
		};
		2893DC111DD714EF003C23E0 /* LaunchScreen.storyboard */ = {
			isa = PBXVariantGroup;
			children = (
				2893DC121DD714EF003C23E0 /* Base */,
			);
			name = LaunchScreen.storyboard;
			sourceTree = "<group>";
		};
/* End PBXVariantGroup section */

/* Begin XCBuildConfiguration section */
		2893DC2B1DD714EF003C23E0 /* Debug */ = {
			isa = XCBuildConfiguration;
			buildSettings = {
				ALWAYS_SEARCH_USER_PATHS = NO;
				CLANG_ANALYZER_NONNULL = YES;
				CLANG_CXX_LANGUAGE_STANDARD = "gnu++0x";
				CLANG_CXX_LIBRARY = "libc++";
				CLANG_ENABLE_MODULES = YES;
				CLANG_ENABLE_OBJC_ARC = YES;
				CLANG_WARN_BOOL_CONVERSION = YES;
				CLANG_WARN_CONSTANT_CONVERSION = YES;
				CLANG_WARN_DIRECT_OBJC_ISA_USAGE = YES_ERROR;
				CLANG_WARN_DOCUMENTATION_COMMENTS = YES;
				CLANG_WARN_EMPTY_BODY = YES;
				CLANG_WARN_ENUM_CONVERSION = YES;
				CLANG_WARN_INFINITE_RECURSION = YES;
				CLANG_WARN_INT_CONVERSION = YES;
				CLANG_WARN_OBJC_ROOT_CLASS = YES_ERROR;
				CLANG_WARN_SUSPICIOUS_MOVES = YES;
				CLANG_WARN_UNREACHABLE_CODE = YES;
				CLANG_WARN__DUPLICATE_METHOD_MATCH = YES;
				CODE_SIGN_IDENTITY = "iPhone Developer";
				"CODE_SIGN_IDENTITY[sdk=iphoneos*]" = "iPhone Developer";
				COPY_PHASE_STRIP = NO;
				DEBUG_INFORMATION_FORMAT = dwarf;
				ENABLE_STRICT_OBJC_MSGSEND = YES;
				ENABLE_TESTABILITY = YES;
				GCC_C_LANGUAGE_STANDARD = gnu99;
				GCC_DYNAMIC_NO_PIC = NO;
				GCC_NO_COMMON_BLOCKS = YES;
				GCC_OPTIMIZATION_LEVEL = 0;
				GCC_PREPROCESSOR_DEFINITIONS = (
					"DEBUG=1",
					"$(inherited)",
				);
				GCC_WARN_64_TO_32_BIT_CONVERSION = YES;
				GCC_WARN_ABOUT_RETURN_TYPE = YES_ERROR;
				GCC_WARN_UNDECLARED_SELECTOR = YES;
				GCC_WARN_UNINITIALIZED_AUTOS = YES_AGGRESSIVE;
				GCC_WARN_UNUSED_FUNCTION = YES;
				GCC_WARN_UNUSED_VARIABLE = YES;
				IPHONEOS_DEPLOYMENT_TARGET = 10.1;
				MTL_ENABLE_DEBUG_INFO = YES;
				ONLY_ACTIVE_ARCH = YES;
				SDKROOT = iphoneos;
				SWIFT_ACTIVE_COMPILATION_CONDITIONS = DEBUG;
				SWIFT_OPTIMIZATION_LEVEL = "-Onone";
				TARGETED_DEVICE_FAMILY = "1,2";
			};
			name = Debug;
		};
		2893DC2C1DD714EF003C23E0 /* Release */ = {
			isa = XCBuildConfiguration;
			buildSettings = {
				ALWAYS_SEARCH_USER_PATHS = NO;
				CLANG_ANALYZER_NONNULL = YES;
				CLANG_CXX_LANGUAGE_STANDARD = "gnu++0x";
				CLANG_CXX_LIBRARY = "libc++";
				CLANG_ENABLE_MODULES = YES;
				CLANG_ENABLE_OBJC_ARC = YES;
				CLANG_WARN_BOOL_CONVERSION = YES;
				CLANG_WARN_CONSTANT_CONVERSION = YES;
				CLANG_WARN_DIRECT_OBJC_ISA_USAGE = YES_ERROR;
				CLANG_WARN_DOCUMENTATION_COMMENTS = YES;
				CLANG_WARN_EMPTY_BODY = YES;
				CLANG_WARN_ENUM_CONVERSION = YES;
				CLANG_WARN_INFINITE_RECURSION = YES;
				CLANG_WARN_INT_CONVERSION = YES;
				CLANG_WARN_OBJC_ROOT_CLASS = YES_ERROR;
				CLANG_WARN_SUSPICIOUS_MOVES = YES;
				CLANG_WARN_UNREACHABLE_CODE = YES;
				CLANG_WARN__DUPLICATE_METHOD_MATCH = YES;
				CODE_SIGN_IDENTITY = "iPhone Developer";
				"CODE_SIGN_IDENTITY[sdk=iphoneos*]" = "iPhone Developer";
				COPY_PHASE_STRIP = NO;
				DEBUG_INFORMATION_FORMAT = "dwarf-with-dsym";
				ENABLE_NS_ASSERTIONS = NO;
				ENABLE_STRICT_OBJC_MSGSEND = YES;
				GCC_C_LANGUAGE_STANDARD = gnu99;
				GCC_NO_COMMON_BLOCKS = YES;
				GCC_WARN_64_TO_32_BIT_CONVERSION = YES;
				GCC_WARN_ABOUT_RETURN_TYPE = YES_ERROR;
				GCC_WARN_UNDECLARED_SELECTOR = YES;
				GCC_WARN_UNINITIALIZED_AUTOS = YES_AGGRESSIVE;
				GCC_WARN_UNUSED_FUNCTION = YES;
				GCC_WARN_UNUSED_VARIABLE = YES;
				IPHONEOS_DEPLOYMENT_TARGET = 10.1;
				MTL_ENABLE_DEBUG_INFO = NO;
				SDKROOT = iphoneos;
				SWIFT_OPTIMIZATION_LEVEL = "-Owholemodule";
				TARGETED_DEVICE_FAMILY = "1,2";
				VALIDATE_PRODUCT = YES;
			};
			name = Release;
		};
		2893DC2E1DD714EF003C23E0 /* Debug */ = {
			isa = XCBuildConfiguration;
			buildSettings = {
				ASSETCATALOG_COMPILER_APPICON_NAME = AppIcon;
				CODE_SIGN_IDENTITY = "iPhone Developer";
				"CODE_SIGN_IDENTITY[sdk=iphoneos*]" = "iPhone Developer";
				DEVELOPMENT_TEAM = 32E4GM2XM9;
				INFOPLIST_FILE = StyleTheWorld/Info.plist;
				LD_RUNPATH_SEARCH_PATHS = "$(inherited) @executable_path/Frameworks";
				PRODUCT_BUNDLE_IDENTIFIER = kevinjreece.StyleTheWorld;
				PRODUCT_NAME = "$(TARGET_NAME)";
				SWIFT_VERSION = 3.0;
			};
			name = Debug;
		};
		2893DC2F1DD714EF003C23E0 /* Release */ = {
			isa = XCBuildConfiguration;
			buildSettings = {
				ASSETCATALOG_COMPILER_APPICON_NAME = AppIcon;
				CODE_SIGN_IDENTITY = "iPhone Developer";
				"CODE_SIGN_IDENTITY[sdk=iphoneos*]" = "iPhone Developer";
				DEVELOPMENT_TEAM = 32E4GM2XM9;
				INFOPLIST_FILE = StyleTheWorld/Info.plist;
				LD_RUNPATH_SEARCH_PATHS = "$(inherited) @executable_path/Frameworks";
				PRODUCT_BUNDLE_IDENTIFIER = kevinjreece.StyleTheWorld;
				PRODUCT_NAME = "$(TARGET_NAME)";
				SWIFT_VERSION = 3.0;
			};
			name = Release;
		};
		2893DC311DD714EF003C23E0 /* Debug */ = {
			isa = XCBuildConfiguration;
			buildSettings = {
				ALWAYS_EMBED_SWIFT_STANDARD_LIBRARIES = YES;
				BUNDLE_LOADER = "$(TEST_HOST)";
				CODE_SIGN_IDENTITY = "iPhone Developer";
				"CODE_SIGN_IDENTITY[sdk=iphoneos*]" = "iPhone Developer";
				DEVELOPMENT_TEAM = 32E4GM2XM9;
				INFOPLIST_FILE = StyleTheWorldTests/Info.plist;
				LD_RUNPATH_SEARCH_PATHS = "$(inherited) @executable_path/Frameworks @loader_path/Frameworks";
				PRODUCT_BUNDLE_IDENTIFIER = kevinjreece.StyleTheWorldTests;
				PRODUCT_NAME = "$(TARGET_NAME)";
				SWIFT_VERSION = 3.0;
				TEST_HOST = "$(BUILT_PRODUCTS_DIR)/StyleTheWorld.app/StyleTheWorld";
			};
			name = Debug;
		};
		2893DC321DD714EF003C23E0 /* Release */ = {
			isa = XCBuildConfiguration;
			buildSettings = {
				ALWAYS_EMBED_SWIFT_STANDARD_LIBRARIES = YES;
				BUNDLE_LOADER = "$(TEST_HOST)";
				CODE_SIGN_IDENTITY = "iPhone Developer";
				"CODE_SIGN_IDENTITY[sdk=iphoneos*]" = "iPhone Developer";
				DEVELOPMENT_TEAM = 32E4GM2XM9;
				INFOPLIST_FILE = StyleTheWorldTests/Info.plist;
				LD_RUNPATH_SEARCH_PATHS = "$(inherited) @executable_path/Frameworks @loader_path/Frameworks";
				PRODUCT_BUNDLE_IDENTIFIER = kevinjreece.StyleTheWorldTests;
				PRODUCT_NAME = "$(TARGET_NAME)";
				SWIFT_VERSION = 3.0;
				TEST_HOST = "$(BUILT_PRODUCTS_DIR)/StyleTheWorld.app/StyleTheWorld";
			};
			name = Release;
		};
		2893DC341DD714EF003C23E0 /* Debug */ = {
			isa = XCBuildConfiguration;
			buildSettings = {
				ALWAYS_EMBED_SWIFT_STANDARD_LIBRARIES = YES;
				CODE_SIGN_IDENTITY = "iPhone Developer";
				"CODE_SIGN_IDENTITY[sdk=iphoneos*]" = "iPhone Developer";
				DEVELOPMENT_TEAM = 32E4GM2XM9;
				INFOPLIST_FILE = StyleTheWorldUITests/Info.plist;
				LD_RUNPATH_SEARCH_PATHS = "$(inherited) @executable_path/Frameworks @loader_path/Frameworks";
				PRODUCT_BUNDLE_IDENTIFIER = kevinjreece.StyleTheWorldUITests;
				PRODUCT_NAME = "$(TARGET_NAME)";
				SWIFT_VERSION = 3.0;
				TEST_TARGET_NAME = StyleTheWorld;
			};
			name = Debug;
		};
		2893DC351DD714EF003C23E0 /* Release */ = {
			isa = XCBuildConfiguration;
			buildSettings = {
				ALWAYS_EMBED_SWIFT_STANDARD_LIBRARIES = YES;
				CODE_SIGN_IDENTITY = "iPhone Developer";
				"CODE_SIGN_IDENTITY[sdk=iphoneos*]" = "iPhone Developer";
				DEVELOPMENT_TEAM = 32E4GM2XM9;
				INFOPLIST_FILE = StyleTheWorldUITests/Info.plist;
				LD_RUNPATH_SEARCH_PATHS = "$(inherited) @executable_path/Frameworks @loader_path/Frameworks";
				PRODUCT_BUNDLE_IDENTIFIER = kevinjreece.StyleTheWorldUITests;
				PRODUCT_NAME = "$(TARGET_NAME)";
				SWIFT_VERSION = 3.0;
				TEST_TARGET_NAME = StyleTheWorld;
			};
			name = Release;
		};
/* End XCBuildConfiguration section */

/* Begin XCConfigurationList section */
		2893DC001DD714EE003C23E0 /* Build configuration list for PBXProject "StyleTheWorld" */ = {
			isa = XCConfigurationList;
			buildConfigurations = (
				2893DC2B1DD714EF003C23E0 /* Debug */,
				2893DC2C1DD714EF003C23E0 /* Release */,
			);
			defaultConfigurationIsVisible = 0;
			defaultConfigurationName = Release;
		};
		2893DC2D1DD714EF003C23E0 /* Build configuration list for PBXNativeTarget "StyleTheWorld" */ = {
			isa = XCConfigurationList;
			buildConfigurations = (
				2893DC2E1DD714EF003C23E0 /* Debug */,
				2893DC2F1DD714EF003C23E0 /* Release */,
			);
			defaultConfigurationIsVisible = 0;
		};
		2893DC301DD714EF003C23E0 /* Build configuration list for PBXNativeTarget "StyleTheWorldTests" */ = {
			isa = XCConfigurationList;
			buildConfigurations = (
				2893DC311DD714EF003C23E0 /* Debug */,
				2893DC321DD714EF003C23E0 /* Release */,
			);
			defaultConfigurationIsVisible = 0;
		};
		2893DC331DD714EF003C23E0 /* Build configuration list for PBXNativeTarget "StyleTheWorldUITests" */ = {
			isa = XCConfigurationList;
			buildConfigurations = (
				2893DC341DD714EF003C23E0 /* Debug */,
				2893DC351DD714EF003C23E0 /* Release */,
			);
			defaultConfigurationIsVisible = 0;
		};
/* End XCConfigurationList section */
	};
	rootObject = 2893DBFD1DD714EE003C23E0 /* Project object */;
}
